{
  "name": "ozon_parser",
  "lockfileVersion": 2,
  "requires": true,
  "packages": {
    "": {
      "dependencies": {
        "srt-convert-json": "^1.0.3"
      }
    },
    "node_modules/srt-convert-json": {
      "version": "1.0.3",
      "resolved": "https://registry.npmjs.org/srt-convert-json/-/srt-convert-json-1.0.3.tgz",
      "integrity": "sha512-NbPl7ZdmS9myqGVyrTrYiRvogB/iqpk2AxhkCLC6ND0nwR0t7aKMgULKbpY5UhofRVKTbF1yWGo3HxaSH+eGiA=="
    }
  },
  "dependencies": {
    "srt-convert-json": {
      "version": "1.0.3",
      "resolved": "https://registry.npmjs.org/srt-convert-json/-/srt-convert-json-1.0.3.tgz",
      "integrity": "sha512-NbPl7ZdmS9myqGVyrTrYiRvogB/iqpk2AxhkCLC6ND0nwR0t7aKMgULKbpY5UhofRVKTbF1yWGo3HxaSH+eGiA=="
    }
  }
}
